
Microsoft Visual Studio Solution File, Format Version 12.00
# Visual Studio Version 17
VisualStudioVersion = 17.3.32929.385
MinimumVisualStudioVersion = 10.0.40219.1
Project("{FAE04EC0-301F-11D3-BF4B-00C04F79EFBC}") = "Toton_Desktop", "Toton_Desktop.csproj", "{E9796BC6-CA26-4BC8-B6EC-AE3766B82CFB}"
EndProject
Global
	GlobalSection(SolutionConfigurationPlatforms) = preSolution
		Debug|Any CPU = Debug|Any CPU
		Release|Any CPU = Release|Any CPU
	EndGlobalSection
	GlobalSection(ProjectConfigurationPlatforms) = postSolution
		{E9796BC6-CA26-4BC8-B6EC-AE3766B82CFB}.Debug|Any CPU.ActiveCfg = Debug|Any CPU
		{E9796BC6-CA26-4BC8-B6EC-AE3766B82CFB}.Debug|Any CPU.Build.0 = Debug|Any CPU
		{E9796BC6-CA26-4BC8-B6EC-AE3766B82CFB}.Release|Any CPU.ActiveCfg = Release|Any CPU
		{E9796BC6-CA26-4BC8-B6EC-AE3766B82CFB}.Release|Any CPU.Build.0 = Release|Any CPU
	EndGlobalSection
	GlobalSection(SolutionProperties) = preSolution
		HideSolutionNode = FALSE
	EndGlobalSection
	GlobalSection(ExtensibilityGlobals) = postSolution
		SolutionGuid = {47D8EC38-56B1-4823-8050-8799F315C156}
	EndGlobalSection
EndGlobal
